
Microsoft Visual Studio Solution File, Format Version 12.00
# Visual Studio Version 17
VisualStudioVersion = 17.11.35312.102
MinimumVisualStudioVersion = 10.0.40219.1
Project("{FAE04EC0-301F-11D3-BF4B-00C04F79EFBC}") = "StackLayoutDemo", "StackLayoutDemo\StackLayoutDemo.csproj", "{EEFD9EF0-DD44-40B2-9AC6-165FF46391E6}"
EndProject
Global
	GlobalSection(SolutionConfigurationPlatforms) = preSolution
		Debug|Any CPU = Debug|Any CPU
		Release|Any CPU = Release|Any CPU
	EndGlobalSection
	GlobalSection(ProjectConfigurationPlatforms) = postSolution
		{EEFD9EF0-DD44-40B2-9AC6-165FF46391E6}.Debug|Any CPU.ActiveCfg = Debug|Any CPU
		{EEFD9EF0-DD44-40B2-9AC6-165FF46391E6}.Debug|Any CPU.Build.0 = Debug|Any CPU
		{EEFD9EF0-DD44-40B2-9AC6-165FF46391E6}.Debug|Any CPU.Deploy.0 = Debug|Any CPU
		{EEFD9EF0-DD44-40B2-9AC6-165FF46391E6}.Release|Any CPU.ActiveCfg = Release|Any CPU
		{EEFD9EF0-DD44-40B2-9AC6-165FF46391E6}.Release|Any CPU.Build.0 = Release|Any CPU
		{EEFD9EF0-DD44-40B2-9AC6-165FF46391E6}.Release|Any CPU.Deploy.0 = Release|Any CPU
	EndGlobalSection
	GlobalSection(SolutionProperties) = preSolution
		HideSolutionNode = FALSE
	EndGlobalSection
	GlobalSection(ExtensibilityGlobals) = postSolution
		SolutionGuid = {4B47575E-552F-4673-8BCE-37631B3BEEE7}
	EndGlobalSection
EndGlobal
